
Microsoft Visual Studio Solution File, Format Version 12.00
# Visual Studio Version 17
VisualStudioVersion = 17.8.34601.278
MinimumVisualStudioVersion = 10.0.40219.1
Project("{FAE04EC0-301F-11D3-BF4B-00C04F79EFBC}") = "ctt", "main/ctt.csproj", "{9B0BE78C-6ACF-4759-9CB1-2D28A11520D0}"
EndProject
Global
	GlobalSection(SolutionConfigurationPlatforms) = preSolution
		Debug|Any CPU = Debug|Any CPU
		Release|Any CPU = Release|Any CPU
	EndGlobalSection
	GlobalSection(ProjectConfigurationPlatforms) = postSolution
		{9B0BE78C-6ACF-4759-9CB1-2D28A11520D0}.Debug|Any CPU.ActiveCfg = Debug|Any CPU
		{9B0BE78C-6ACF-4759-9CB1-2D28A11520D0}.Debug|Any CPU.Build.0 = Debug|Any CPU
		{9B0BE78C-6ACF-4759-9CB1-2D28A11520D0}.Release|Any CPU.ActiveCfg = Release|Any CPU
		{9B0BE78C-6ACF-4759-9CB1-2D28A11520D0}.Release|Any CPU.Build.0 = Release|Any CPU
	EndGlobalSection
	GlobalSection(SolutionProperties) = preSolution
		HideSolutionNode = FALSE
	EndGlobalSection
	GlobalSection(ExtensibilityGlobals) = postSolution
		SolutionGuid = {0138C9B1-98EA-4A13-8A6C-3EBE68805471}
	EndGlobalSection
EndGlobal
